{
  "version": 4,
  "terraform_version": "1.11.3",
  "serial": 39,
  "lineage": "4804fa0a-c779-785d-aa5e-1a87065e4fea",
  "outputs": {},
  "resources": [
    {
      "module": "module.control_plane",
      "mode": "managed",
      "type": "aws_security_group",
      "name": "asg",
      "provider": "provider[\"registry.terraform.io/hashicorp/aws\"]",
      "instances": [
        {
          "schema_version": 1,
          "attributes": {
            "arn": "arn:aws:ec2:ap-south-1:522814728660:security-group/sg-04ca370d5ab5539e0",
            "description": "Security group for the control plane",
            "egress": [],
            "id": "sg-04ca370d5ab5539e0",
            "ingress": [
              {
                "cidr_blocks": [
                  "0.0.0.0/0"
                ],
                "description": "Allow HTTPS inbound traffic from the internet to the control plane",
                "from_port": 443,
                "ipv6_cidr_blocks": [],
                "prefix_list_ids": [],
                "protocol": "tcp",
                "security_groups": [],
                "self": false,
                "to_port": 443
              },
              {
                "cidr_blocks": [],
                "description": "Allow traffic from node group to control plane",
                "from_port": 0,
                "ipv6_cidr_blocks": [],
                "prefix_list_ids": [],
                "protocol": "-1",
                "security_groups": [
                  "sg-04f8a7fbfb80c2c94"
                ],
                "self": false,
                "to_port": 0
              }
            ],
            "name": "dev-eks-control-plane-sg",
            "name_prefix": "",
            "owner_id": "522814728660",
            "region": "ap-south-1",
            "revoke_rules_on_delete": false,
            "tags": {
              "Environment": "Dev",
              "ManagedBy": "Terraform",
              "Name": "dev-eks-control-plane-sg",
              "Owner": "Sivaramakrishna",
              "Project": "EKS-Cluster"
            },
            "tags_all": {
              "Environment": "Dev",
              "ManagedBy": "Terraform",
              "Name": "dev-eks-control-plane-sg",
              "Owner": "Sivaramakrishna",
              "Project": "EKS-Cluster"
            },
            "timeouts": null,
            "vpc_id": "vpc-0f9beeb3e9c3e0df0"
          },
          "sensitive_attributes": [],
          "private": "eyJlMmJmYjczMC1lY2FhLTExZTYtOGY4OC0zNDM2M2JjN2M0YzAiOnsiY3JlYXRlIjo2MDAwMDAwMDAwMDAsImRlbGV0ZSI6OTAwMDAwMDAwMDAwfSwic2NoZW1hX3ZlcnNpb24iOiIxIn0=",
          "dependencies": [
            "module.eks-vpc.aws_vpc.main"
          ]
        }
      ]
    },
    {
      "module": "module.eks-vpc",
      "mode": "managed",
      "type": "aws_subnet",
      "name": "private",
      "provider": "provider[\"registry.terraform.io/hashicorp/aws\"]",
      "instances": [
        {
          "index_key": 0,
          "schema_version": 1,
          "attributes": {
            "arn": "arn:aws:ec2:ap-south-1:522814728660:subnet/subnet-08dff0164095e2ad1",
            "assign_ipv6_address_on_creation": false,
            "availability_zone": "ap-south-1a",
            "availability_zone_id": "aps1-az1",
            "cidr_block": "172.17.32.0/20",
            "customer_owned_ipv4_pool": "",
            "enable_dns64": false,
            "enable_lni_at_device_index": 0,
            "enable_resource_name_dns_a_record_on_launch": false,
            "enable_resource_name_dns_aaaa_record_on_launch": false,
            "id": "subnet-08dff0164095e2ad1",
            "ipv6_cidr_block": "",
            "ipv6_cidr_block_association_id": "",
            "ipv6_native": false,
            "map_customer_owned_ip_on_launch": false,
            "map_public_ip_on_launch": false,
            "outpost_arn": "",
            "owner_id": "522814728660",
            "private_dns_hostname_type_on_launch": "ip-name",
            "region": "ap-south-1",
            "tags": {
              "Environment": "Dev",
              "ManagedBy": "Terraform",
              "Name": "dev-eks-private-subnet-1a",
              "Owner": "Sivaramakrishna",
              "Project": "EKS-Cluster",
              "karpenter.sh/discovery": "dev-eks",
              "kubernetes.io/cluster/dev-eks": "owned",
              "kubernetes.io/role/internal-elb": "1"
            },
            "tags_all": {
              "Environment": "Dev",
              "ManagedBy": "Terraform",
              "Name": "dev-eks-private-subnet-1a",
              "Owner": "Sivaramakrishna",
              "Project": "EKS-Cluster",
              "karpenter.sh/discovery": "dev-eks",
              "kubernetes.io/cluster/dev-eks": "owned",
              "kubernetes.io/role/internal-elb": "1"
            },
            "timeouts": null,
            "vpc_id": "vpc-0f9beeb3e9c3e0df0"
          },
          "sensitive_attributes": [],
          "private": "eyJlMmJmYjczMC1lY2FhLTExZTYtOGY4OC0zNDM2M2JjN2M0YzAiOnsiY3JlYXRlIjo2MDAwMDAwMDAwMDAsImRlbGV0ZSI6MTIwMDAwMDAwMDAwMH0sInNjaGVtYV92ZXJzaW9uIjoiMSJ9",
          "dependencies": [
            "module.eks-vpc.aws_vpc.main"
          ]
        },
        {
          "index_key": 1,
          "schema_version": 1,
          "attributes": {
            "arn": "arn:aws:ec2:ap-south-1:522814728660:subnet/subnet-0d1fac0c52edf1c1f",
            "assign_ipv6_address_on_creation": false,
            "availability_zone": "ap-south-1b",
            "availability_zone_id": "aps1-az3",
            "cidr_block": "172.17.48.0/20",
            "customer_owned_ipv4_pool": "",
            "enable_dns64": false,
            "enable_lni_at_device_index": 0,
            "enable_resource_name_dns_a_record_on_launch": false,
            "enable_resource_name_dns_aaaa_record_on_launch": false,
            "id": "subnet-0d1fac0c52edf1c1f",
            "ipv6_cidr_block": "",
            "ipv6_cidr_block_association_id": "",
            "ipv6_native": false,
            "map_customer_owned_ip_on_launch": false,
            "map_public_ip_on_launch": false,
            "outpost_arn": "",
            "owner_id": "522814728660",
            "private_dns_hostname_type_on_launch": "ip-name",
            "region": "ap-south-1",
            "tags": {
              "Environment": "Dev",
              "ManagedBy": "Terraform",
              "Name": "dev-eks-private-subnet-1b",
              "Owner": "Sivaramakrishna",
              "Project": "EKS-Cluster",
              "karpenter.sh/discovery": "dev-eks",
              "kubernetes.io/cluster/dev-eks": "owned",
              "kubernetes.io/role/internal-elb": "1"
            },
            "tags_all": {
              "Environment": "Dev",
              "ManagedBy": "Terraform",
              "Name": "dev-eks-private-subnet-1b",
              "Owner": "Sivaramakrishna",
              "Project": "EKS-Cluster",
              "karpenter.sh/discovery": "dev-eks",
              "kubernetes.io/cluster/dev-eks": "owned",
              "kubernetes.io/role/internal-elb": "1"
            },
            "timeouts": null,
            "vpc_id": "vpc-0f9beeb3e9c3e0df0"
          },
          "sensitive_attributes": [],
          "private": "eyJlMmJmYjczMC1lY2FhLTExZTYtOGY4OC0zNDM2M2JjN2M0YzAiOnsiY3JlYXRlIjo2MDAwMDAwMDAwMDAsImRlbGV0ZSI6MTIwMDAwMDAwMDAwMH0sInNjaGVtYV92ZXJzaW9uIjoiMSJ9",
          "dependencies": [
            "module.eks-vpc.aws_vpc.main"
          ]
        }
      ]
    },
    {
      "module": "module.eks-vpc",
      "mode": "managed",
      "type": "aws_vpc",
      "name": "main",
      "provider": "provider[\"registry.terraform.io/hashicorp/aws\"]",
      "instances": [
        {
          "schema_version": 1,
          "attributes": {
            "arn": "arn:aws:ec2:ap-south-1:522814728660:vpc/vpc-0f9beeb3e9c3e0df0",
            "assign_generated_ipv6_cidr_block": false,
            "cidr_block": "172.17.0.0/16",
            "default_network_acl_id": "acl-0632116ca7d49235f",
            "default_route_table_id": "rtb-0f7069ebcc9fca3ce",
            "default_security_group_id": "sg-0fb5389ba4c037470",
            "dhcp_options_id": "dopt-0426ef828a5449718",
            "enable_dns_hostnames": true,
            "enable_dns_support": true,
            "enable_network_address_usage_metrics": false,
            "id": "vpc-0f9beeb3e9c3e0df0",
            "instance_tenancy": "default",
            "ipv4_ipam_pool_id": null,
            "ipv4_netmask_length": null,
            "ipv6_association_id": "",
            "ipv6_cidr_block": "",
            "ipv6_cidr_block_network_border_group": "",
            "ipv6_ipam_pool_id": "",
            "ipv6_netmask_length": 0,
            "main_route_table_id": "rtb-0f7069ebcc9fca3ce",
            "owner_id": "522814728660",
            "region": "ap-south-1",
            "tags": {
              "Environment": "Dev",
              "ManagedBy": "Terraform",
              "Name": "dev-eks",
              "Owner": "Sivaramakrishna",
              "Project": "EKS-Cluster",
              "karpenter.sh/discovery": "dev-eks",
              "kubernetes.io/cluster/dev-eks": "owned"
            },
            "tags_all": {
              "Environment": "Dev",
              "ManagedBy": "Terraform",
              "Name": "dev-eks",
              "Owner": "Sivaramakrishna",
              "Project": "EKS-Cluster",
              "karpenter.sh/discovery": "dev-eks",
              "kubernetes.io/cluster/dev-eks": "owned"
            }
          },
          "sensitive_attributes": [],
          "private": "eyJzY2hlbWFfdmVyc2lvbiI6IjEifQ=="
        }
      ]
    },
    {
      "module": "module.eks_cluster",
      "mode": "managed",
      "type": "aws_eks_cluster",
      "name": "example",
      "provider": "provider[\"registry.terraform.io/hashicorp/aws\"]",
      "instances": [
        {
          "schema_version": 1,
          "attributes": {
            "access_config": [
              {
                "authentication_mode": "API_AND_CONFIG_MAP",
                "bootstrap_cluster_creator_admin_permissions": true
              }
            ],
            "arn": "arn:aws:eks:ap-south-1:522814728660:cluster/dev-eks",
            "bootstrap_self_managed_addons": true,
            "certificate_authority": [
              {
                "data": "LS0tLS1CRUdJTiBDRVJUSUZJQ0FURS0tLS0tCk1JSURCVENDQWUyZ0F3SUJBZ0lJS0I2YklLVkZNdzB3RFFZSktvWklodmNOQVFFTEJRQXdGVEVUTUJFR0ExVUUKQXhNS2EzVmlaWEp1WlhSbGN6QWVGdzB5TlRBM01UY3hNalE1TXpoYUZ3MHpOVEEzTVRVeE1qVTBNemhhTUJVeApFekFSQmdOVkJBTVRDbXQxWW1WeWJtVjBaWE13Z2dFaU1BMEdDU3FHU0liM0RRRUJBUVVBQTRJQkR3QXdnZ0VLCkFvSUJBUUNxb3JqSUlBUHlYQ3FPVEY4bjJpSmlPZlRnKzNaSEd2Y0VMTHhTajk0cGtyLzBGVXg2TktMYzkzMysKNjR6K2N3d1dUU2s1SHJjVTNYeFNycnpFZ05KeTZxRHdWOStJQTNIV0ZjeEw4ZXJmZVJVb0NmWk52NGhEUGRaSgpQN28yaS94VzNIVWpuamEzdGljYTlpUDlLM0ZSemkxL3o0NHZqY2VUczlSR0FrcWd5cFlvcTdiQkthODM0RGtjCm9jMjhKTEZDUUxidkxsS0ZuVUFFeUpsbFJzdGVrNGRDK0NyOExFRVk3MzRUNG4vckxhb2NYUTQzTVVMbittVFEKSFZJWDRIclNFcnBZWXRYM0ovRW1yMVRJYXZqSE90bDJMZE1vU0xpZEkvSXhvelVEWVpXeWg0cElIR3lsUGJCQQovT2t6UlZBR2VrbmFYZEdmTlZnaWVkdHpldEdWQWdNQkFBR2pXVEJYTUE0R0ExVWREd0VCL3dRRUF3SUNwREFQCkJnTlZIUk1CQWY4RUJUQURBUUgvTUIwR0ExVWREZ1FXQkJUT2JEMVZ1NzE5MWlZbUp4SjBHeUVOUVgweXN6QVYKQmdOVkhSRUVEakFNZ2dwcmRXSmxjbTVsZEdWek1BMEdDU3FHU0liM0RRRUJDd1VBQTRJQkFRQVpuNEF6UlcyNQpLVjhNY3V6ejA0ckU5YjRHcHplaVZWMFUxa1d2TnR5VzlaUmRUSFgzMmo0RjBlQXdtWUlibitLRVpNQWExMzh4CmZiMFdYRFZtOWZvaGVVaWVTM1Eza3BKaFhlLzJ5MXViMWMzYWc5eHBZazd2Ny83N3E3SmsxakZWZjZ0TFlFbnYKQUd2REJOb29KRUEyUUNuUUdHZnFyT3RiZm9JakNVKzFveU5BVnVBZzRRd0VBMDU3QWpHeFR4cHJad0hvRnhaMApNUTNwTnB3TEVmcWtFNklYb3U0NDI1S1FZQVJWdnU4aTY4OU9SZGlUR21FM0ZmWVdVVmZKUHJMK3hwYVpoeVpjCk44M2pMSUNOd2k4MnhORFNsZ3FjMUxzN1A5MUt0NkorWlduSC9WZ29HR2w5TVpnLzVyOFphMlZjeGRCN3BiNTcKVjlUVENZRU83L0ZvCi0tLS0tRU5EIENFUlRJRklDQVRFLS0tLS0K"
              }
            ],
            "cluster_id": null,
            "compute_config": [],
            "created_at": "2025-07-17T12:50:31Z",
            "enabled_cluster_log_types": [],
            "encryption_config": [],
            "endpoint": "https://3D03404E5400431DA998D45DF6D544F2.gr7.ap-south-1.eks.amazonaws.com",
            "force_update_version": null,
            "id": "dev-eks",
            "identity": [
              {
                "oidc": [
                  {
                    "issuer": "https://oidc.eks.ap-south-1.amazonaws.com/id/3D03404E5400431DA998D45DF6D544F2"
                  }
                ]
              }
            ],
            "kubernetes_network_config": [
              {
                "elastic_load_balancing": [
                  {
                    "enabled": false
                  }
                ],
                "ip_family": "ipv4",
                "service_ipv4_cidr": "10.100.0.0/16",
                "service_ipv6_cidr": ""
              }
            ],
            "name": "dev-eks",
            "outpost_config": [],
            "platform_version": "eks.13",
            "region": "ap-south-1",
            "remote_network_config": [],
            "role_arn": "arn:aws:iam::522814728660:role/dev-eks-cluster-example",
            "status": "ACTIVE",
            "storage_config": [],
            "tags": {
              "Environment": "Dev",
              "ManagedBy": "Terraform",
              "Name": "dev-eks",
              "Owner": "Sivaramakrishna",
              "Project": "EKS-Cluster"
            },
            "tags_all": {
              "Environment": "Dev",
              "ManagedBy": "Terraform",
              "Name": "dev-eks",
              "Owner": "Sivaramakrishna",
              "Project": "EKS-Cluster"
            },
            "timeouts": null,
            "upgrade_policy": [
              {
                "support_type": "EXTENDED"
              }
            ],
            "version": "1.32",
            "vpc_config": [
              {
                "cluster_security_group_id": "sg-01d19a4eb7350b824",
                "endpoint_private_access": true,
                "endpoint_public_access": true,
                "public_access_cidrs": [
                  "0.0.0.0/0"
                ],
                "security_group_ids": [
                  "sg-04ca370d5ab5539e0"
                ],
                "subnet_ids": [
                  "subnet-08dff0164095e2ad1",
                  "subnet-0d1fac0c52edf1c1f"
                ],
                "vpc_id": "vpc-0f9beeb3e9c3e0df0"
              }
            ],
            "zonal_shift_config": []
          },
          "sensitive_attributes": [],
          "private": "eyJlMmJmYjczMC1lY2FhLTExZTYtOGY4OC0zNDM2M2JjN2M0YzAiOnsiY3JlYXRlIjoxODAwMDAwMDAwMDAwLCJkZWxldGUiOjkwMDAwMDAwMDAwMCwidXBkYXRlIjozNjAwMDAwMDAwMDAwfSwic2NoZW1hX3ZlcnNpb24iOiIxIn0=",
          "dependencies": [
            "module.control_plane.aws_security_group.asg",
            "module.eks-vpc.aws_subnet.private",
            "module.eks-vpc.aws_vpc.main",
            "module.eks_cluster.aws_iam_role.cluster",
            "module.eks_cluster.aws_iam_role_policy_attachment.cluster_AmazonEKSClusterPolicy"
          ]
        }
      ]
    },
    {
      "module": "module.eks_cluster",
      "mode": "managed",
      "type": "aws_iam_role",
      "name": "cluster",
      "provider": "provider[\"registry.terraform.io/hashicorp/aws\"]",
      "instances": [
        {
          "schema_version": 0,
          "attributes": {
            "arn": "arn:aws:iam::522814728660:role/dev-eks-cluster-example",
            "assume_role_policy": "{\"Statement\":[{\"Action\":[\"sts:AssumeRole\",\"sts:TagSession\"],\"Effect\":\"Allow\",\"Principal\":{\"Service\":\"eks.amazonaws.com\"}}],\"Version\":\"2012-10-17\"}",
            "create_date": "2025-07-17T12:50:13Z",
            "description": "",
            "force_detach_policies": false,
            "id": "dev-eks-cluster-example",
            "inline_policy": [],
            "managed_policy_arns": [
              "arn:aws:iam::aws:policy/AmazonEKSClusterPolicy"
            ],
            "max_session_duration": 3600,
            "name": "dev-eks-cluster-example",
            "name_prefix": "",
            "path": "/",
            "permissions_boundary": "",
            "tags": {
              "Environment": "Dev",
              "ManagedBy": "Terraform",
              "Name": "dev-eks-cluster-example",
              "Owner": "Sivaramakrishna",
              "Project": "EKS-Cluster"
            },
            "tags_all": {
              "Environment": "Dev",
              "ManagedBy": "Terraform",
              "Name": "dev-eks-cluster-example",
              "Owner": "Sivaramakrishna",
              "Project": "EKS-Cluster"
            },
            "unique_id": "AROAXTORPVHKH642M7KKL"
          },
          "sensitive_attributes": [],
          "private": "bnVsbA=="
        }
      ]
    },
    {
      "module": "module.eks_cluster",
      "mode": "managed",
      "type": "aws_iam_role_policy_attachment",
      "name": "cluster_AmazonEKSClusterPolicy",
      "provider": "provider[\"registry.terraform.io/hashicorp/aws\"]",
      "instances": [
        {
          "schema_version": 0,
          "attributes": {
            "id": "dev-eks-cluster-example/arn:aws:iam::aws:policy/AmazonEKSClusterPolicy",
            "policy_arn": "arn:aws:iam::aws:policy/AmazonEKSClusterPolicy",
            "role": "dev-eks-cluster-example"
          },
          "sensitive_attributes": [],
          "private": "bnVsbA==",
          "dependencies": [
            "module.eks_cluster.aws_iam_role.cluster"
          ]
        }
      ]
    }
  ],
  "check_results": null
}
